<?xml version="1.0" encoding="utf-8"?>
<Project ToolsVersion="4.0" xmlns="http://schemas.microsoft.com/developer/msbuild/2003">
  <ItemGroup>
    <ClInclude Include="framework.h">
      <Filter>Default</Filter>
    </ClInclude>
    <ClInclude Include="pch.h">
      <Filter>Default</Filter>
    </ClInclude>
    <ClInclude Include="CScriptMgr.h">
      <Filter>Default\ScriptMgr</Filter>
    </ClInclude>
    <ClInclude Include="CPlayerScript.h">
      <Filter>Scripts\Player</Filter>
    </ClInclude>
    <ClInclude Include="CCameraMoveScript.h">
      <Filter>Scripts\Camera</Filter>
    </ClInclude>
    <ClInclude Include="CursorScript.h">
      <Filter>Scripts\Object</Filter>
    </ClInclude>
    <ClInclude Include="CMarkerScript.h">
      <Filter>Scripts\Player</Filter>
    </ClInclude>
    <ClInclude Include="CGhoulScript.h">
      <Filter>Scripts\Monster</Filter>
    </ClInclude>
    <ClInclude Include="CPlatformScript.h">
      <Filter>Scripts\Platform</Filter>
    </ClInclude>
    <ClInclude Include="CSpawnerScript.h">
      <Filter>Scripts\Object</Filter>
    </ClInclude>
    <ClInclude Include="CTriggerScript.h">
      <Filter>Scripts\Platform</Filter>
    </ClInclude>
    <ClInclude Include="CManagerScript.h">
      <Filter>Scripts\Manager</Filter>
    </ClInclude>
    <ClInclude Include="CBossScript.h">
      <Filter>Scripts\Boss</Filter>
    </ClInclude>
    <ClInclude Include="CCrystalScript.h">
      <Filter>Scripts\Boss</Filter>
    </ClInclude>
    <ClInclude Include="CSlashScript.h">
      <Filter>Scripts\Skill</Filter>
    </ClInclude>
    <ClInclude Include="CMAttackScript.h">
      <Filter>Scripts\Monster</Filter>
    </ClInclude>
    <ClInclude Include="CWaterScript.h">
      <Filter>Scripts\Boss</Filter>
    </ClInclude>
    <ClInclude Include="CLanceScript.h">
      <Filter>Scripts\Boss</Filter>
    </ClInclude>
    <ClInclude Include="CBSlashScript.h">
      <Filter>Scripts\Boss</Filter>
    </ClInclude>
    <ClInclude Include="CHitSparkScript.h">
      <Filter>Scripts\Object</Filter>
    </ClInclude>
    <ClInclude Include="CPortalScript.h">
      <Filter>Scripts\Object</Filter>
    </ClInclude>
    <ClInclude Include="CTeleportScript.h">
      <Filter>Scripts\Object</Filter>
    </ClInclude>
    <ClInclude Include="CFireDragonScript.h">
      <Filter>Scripts\Skill</Filter>
    </ClInclude>
    <ClInclude Include="CFireBallScript.h">
      <Filter>Scripts\Skill</Filter>
    </ClInclude>
    <ClInclude Include="CPlayerHUDScript.h">
      <Filter>Scripts\UI</Filter>
    </ClInclude>
    <ClInclude Include="CBossHUDScript.h">
      <Filter>Scripts\UI</Filter>
    </ClInclude>
    <ClInclude Include="CPlayerMPScript.h">
      <Filter>Scripts\UI</Filter>
    </ClInclude>
    <ClInclude Include="CChargeEffectScript.h">
      <Filter>Scripts\Skill</Filter>
    </ClInclude>
  </ItemGroup>
  <ItemGroup>
    <ClCompile Include="pch.cpp">
      <Filter>Default</Filter>
    </ClCompile>
    <ClCompile Include="Scripts.cpp">
      <Filter>Default</Filter>
    </ClCompile>
    <ClCompile Include="CScriptMgr.cpp">
      <Filter>Default\ScriptMgr</Filter>
    </ClCompile>
    <ClCompile Include="CPlayerScript.cpp">
      <Filter>Scripts\Player</Filter>
    </ClCompile>
    <ClCompile Include="CCameraMoveScript.cpp">
      <Filter>Scripts\Camera</Filter>
    </ClCompile>
    <ClCompile Include="CursorScript.cpp">
      <Filter>Scripts\Object</Filter>
    </ClCompile>
    <ClCompile Include="CMarkerScript.cpp">
      <Filter>Scripts\Player</Filter>
    </ClCompile>
    <ClCompile Include="CGhoulScript.cpp">
      <Filter>Scripts\Monster</Filter>
    </ClCompile>
    <ClCompile Include="CPlatformScript.cpp">
      <Filter>Scripts\Platform</Filter>
    </ClCompile>
    <ClCompile Include="CSpawnerScript.cpp">
      <Filter>Scripts\Object</Filter>
    </ClCompile>
    <ClCompile Include="CTriggerScript.cpp">
      <Filter>Scripts\Platform</Filter>
    </ClCompile>
    <ClCompile Include="CManagerScript.cpp">
      <Filter>Scripts\Manager</Filter>
    </ClCompile>
    <ClCompile Include="CBossScript.cpp">
      <Filter>Scripts\Boss</Filter>
    </ClCompile>
    <ClCompile Include="CCrystalScript.cpp">
      <Filter>Scripts\Boss</Filter>
    </ClCompile>
    <ClCompile Include="CSlashScript.cpp">
      <Filter>Scripts\Skill</Filter>
    </ClCompile>
    <ClCompile Include="CMAttackScript.cpp">
      <Filter>Scripts\Monster</Filter>
    </ClCompile>
    <ClCompile Include="CWaterScript.cpp">
      <Filter>Scripts\Boss</Filter>
    </ClCompile>
    <ClCompile Include="CBSlashScript.cpp">
      <Filter>Scripts\Boss</Filter>
    </ClCompile>
    <ClCompile Include="CLanceScript.cpp">
      <Filter>Scripts\Boss</Filter>
    </ClCompile>
    <ClCompile Include="CHitSparkScript.cpp">
      <Filter>Scripts\Object</Filter>
    </ClCompile>
    <ClCompile Include="CPortalScript.cpp">
      <Filter>Scripts\Object</Filter>
    </ClCompile>
    <ClCompile Include="CTeleportScript.cpp">
      <Filter>Scripts\Object</Filter>
    </ClCompile>
    <ClCompile Include="CFireBallScript.cpp">
      <Filter>Scripts\Skill</Filter>
    </ClCompile>
    <ClCompile Include="CFireDragonScript.cpp">
      <Filter>Scripts\Skill</Filter>
    </ClCompile>
    <ClCompile Include="CPlayerHUDScript.cpp">
      <Filter>Scripts\UI</Filter>
    </ClCompile>
    <ClCompile Include="CBossHUDScript.cpp">
      <Filter>Scripts\UI</Filter>
    </ClCompile>
    <ClCompile Include="CPlayerMPScript.cpp">
      <Filter>Scripts\UI</Filter>
    </ClCompile>
    <ClCompile Include="CChargeEffectScript.cpp">
      <Filter>Scripts\Skill</Filter>
    </ClCompile>
  </ItemGroup>
  <ItemGroup>
    <Filter Include="Default">
      <UniqueIdentifier>{e8d7ab20-0379-45c4-8ce4-d9bab2a85606}</UniqueIdentifier>
    </Filter>
    <Filter Include="Scripts">
      <UniqueIdentifier>{1cbd77c3-9754-4b44-8e3d-b9b705eed3a3}</UniqueIdentifier>
    </Filter>
    <Filter Include="Default\ScriptMgr">
      <UniqueIdentifier>{f1247b0a-64be-43a1-be14-1971e3cff587}</UniqueIdentifier>
    </Filter>
    <Filter Include="Scripts\Player">
      <UniqueIdentifier>{0d8188e4-3245-45c9-9f8a-fe9671ac2c2f}</UniqueIdentifier>
    </Filter>
    <Filter Include="Scripts\Camera">
      <UniqueIdentifier>{9f2ac381-0f06-43c5-9f9d-ff94ca2da475}</UniqueIdentifier>
    </Filter>
    <Filter Include="Scripts\Object">
      <UniqueIdentifier>{6e2e0431-2b61-4626-a63f-5815fa01acab}</UniqueIdentifier>
    </Filter>
    <Filter Include="Scripts\Monster">
      <UniqueIdentifier>{ebc74458-1c23-4c9b-86da-b5b71620c88a}</UniqueIdentifier>
    </Filter>
    <Filter Include="Scripts\Platform">
      <UniqueIdentifier>{bbceb966-9f82-4200-8af1-5246bd6a5095}</UniqueIdentifier>
    </Filter>
    <Filter Include="Scripts\Manager">
      <UniqueIdentifier>{8286fd11-b312-4fec-a75b-f02988cc0d77}</UniqueIdentifier>
    </Filter>
    <Filter Include="Scripts\Boss">
      <UniqueIdentifier>{61188843-beb6-4135-8bf4-d858eb066698}</UniqueIdentifier>
    </Filter>
    <Filter Include="Scripts\Skill">
      <UniqueIdentifier>{a994a062-a508-40d8-917a-bf16a9e1c0a9}</UniqueIdentifier>
    </Filter>
    <Filter Include="Scripts\UI">
      <UniqueIdentifier>{1d43153e-9dd2-44cf-ac4f-00249a2d1612}</UniqueIdentifier>
    </Filter>
  </ItemGroup>
</Project>