<?xml version="1.0" encoding="utf-8"?>
<Project ToolsVersion="4.0" xmlns="http://schemas.microsoft.com/developer/msbuild/2003">
  <ItemGroup>
    <ClInclude Include="framework.h">
      <Filter>Default</Filter>
    </ClInclude>
    <ClInclude Include="pch.h">
      <Filter>Default</Filter>
    </ClInclude>
    <ClInclude Include="CEngine.h">
      <Filter>02. Engine</Filter>
    </ClInclude>
    <ClInclude Include="global.h">
      <Filter>01. Header</Filter>
    </ClInclude>
    <ClInclude Include="define.h">
      <Filter>01. Header</Filter>
    </ClInclude>
    <ClInclude Include="singleton.h">
      <Filter>01. Header</Filter>
    </ClInclude>
    <ClInclude Include="CDevice.h">
      <Filter>03. Device</Filter>
    </ClInclude>
    <ClInclude Include="CPathMgr.h">
      <Filter>04. Manager\01. PathMgr</Filter>
    </ClInclude>
    <ClInclude Include="CTimeMgr.h">
      <Filter>04. Manager\02. TimeMgr</Filter>
    </ClInclude>
    <ClInclude Include="CKeyMgr.h">
      <Filter>04. Manager\03. KeyMgr</Filter>
    </ClInclude>
    <ClInclude Include="CTaskMgr.h">
      <Filter>04. Manager\TaskMgr</Filter>
    </ClInclude>
    <ClInclude Include="struct.h">
      <Filter>01. Header</Filter>
    </ClInclude>
    <ClInclude Include="CAsset.h">
      <Filter>06. Asset</Filter>
    </ClInclude>
    <ClInclude Include="CAssetMgr.h">
      <Filter>04. Manager\05. AssetMgr</Filter>
    </ClInclude>
    <ClInclude Include="enum.h">
      <Filter>01. Header</Filter>
    </ClInclude>
    <ClInclude Include="CMesh.h">
      <Filter>06. Asset\01. Mesh</Filter>
    </ClInclude>
    <ClInclude Include="CConstBuffer.h">
      <Filter>03. Device\ConstBuffer</Filter>
    </ClInclude>
    <ClInclude Include="CShader.h">
      <Filter>06. Asset\Shader\07. GraphicShader</Filter>
    </ClInclude>
    <ClInclude Include="CGraphicShader.h">
      <Filter>06. Asset\Shader\07. GraphicShader</Filter>
    </ClInclude>
    <ClInclude Include="CComputeShader.h">
      <Filter>06. Asset\Shader\08. ComputeShader</Filter>
    </ClInclude>
    <ClInclude Include="assets.h">
      <Filter>01. Header</Filter>
    </ClInclude>
    <ClInclude Include="func.h">
      <Filter>01. Header</Filter>
    </ClInclude>
    <ClInclude Include="CLevelMgr.h">
      <Filter>04. Manager\04. LevelMgr</Filter>
    </ClInclude>
    <ClInclude Include="CLevel.h">
      <Filter>05. Level</Filter>
    </ClInclude>
    <ClInclude Include="CLayer.h">
      <Filter>05. Level</Filter>
    </ClInclude>
    <ClInclude Include="CGameObject.h">
      <Filter>07. GameObject</Filter>
    </ClInclude>
    <ClInclude Include="CComponent.h">
      <Filter>08. Component</Filter>
    </ClInclude>
    <ClInclude Include="CTransform.h">
      <Filter>08. Component\01. Transform</Filter>
    </ClInclude>
    <ClInclude Include="CRenderComponent.h">
      <Filter>08. Component\RenderComponent</Filter>
    </ClInclude>
    <ClInclude Include="CMeshRender.h">
      <Filter>08. Component\RenderComponent\01. MeshRender</Filter>
    </ClInclude>
    <ClInclude Include="components.h">
      <Filter>01. Header</Filter>
    </ClInclude>
    <ClInclude Include="CCamera.h">
      <Filter>08. Component\07. Camera</Filter>
    </ClInclude>
    <ClInclude Include="CRenderMgr.h">
      <Filter>04. Manager\06. RenderMgr</Filter>
    </ClInclude>
    <ClInclude Include="CScript.h">
      <Filter>08. Component\Script</Filter>
    </ClInclude>
    <ClInclude Include="CPlayerScript.h">
      <Filter>Scripts</Filter>
    </ClInclude>
    <ClInclude Include="CEntity.h">
      <Filter>Module</Filter>
    </ClInclude>
    <ClInclude Include="CTexture.h">
      <Filter>06. Asset\05. Texture</Filter>
    </ClInclude>
    <ClInclude Include="CMaterial.h">
      <Filter>06. Asset\03. Material</Filter>
    </ClInclude>
    <ClInclude Include="CCollider2D.h">
      <Filter>08. Component\02. Collider2D</Filter>
    </ClInclude>
    <ClInclude Include="CCollisionMgr.h">
      <Filter>04. Manager\07. CollisionMgr</Filter>
    </ClInclude>
    <ClInclude Include="CMissileScript.h">
      <Filter>Scripts</Filter>
    </ClInclude>
    <ClInclude Include="CAnimator2D.h">
      <Filter>08. Component\04. Animator2D</Filter>
    </ClInclude>
    <ClInclude Include="CSprite.h">
      <Filter>06. Asset\07. Sprite</Filter>
    </ClInclude>
    <ClInclude Include="CFlipBook.h">
      <Filter>06. Asset\08. FlipBook</Filter>
    </ClInclude>
    <ClInclude Include="CTileMap.h">
      <Filter>08. Component\RenderComponent\02. TileMap</Filter>
    </ClInclude>
    <ClInclude Include="CStructuredBuffer.h">
      <Filter>03. Device\StructuredBuffer</Filter>
    </ClInclude>
    <ClInclude Include="CCameraMoveScript.h">
      <Filter>Scripts</Filter>
    </ClInclude>
    <ClInclude Include="CLight2D.h">
      <Filter>08. Component\08. Light2D</Filter>
    </ClInclude>
    <ClInclude Include="ptr.h">
      <Filter>06. Asset</Filter>
    </ClInclude>
  </ItemGroup>
  <ItemGroup>
    <ClCompile Include="Engine.cpp">
      <Filter>Default</Filter>
    </ClCompile>
    <ClCompile Include="pch.cpp">
      <Filter>Default</Filter>
    </ClCompile>
    <ClCompile Include="CEngine.cpp">
      <Filter>02. Engine</Filter>
    </ClCompile>
    <ClCompile Include="CDevice.cpp">
      <Filter>03. Device</Filter>
    </ClCompile>
    <ClCompile Include="CPathMgr.cpp">
      <Filter>04. Manager\01. PathMgr</Filter>
    </ClCompile>
    <ClCompile Include="CTimeMgr.cpp">
      <Filter>04. Manager\02. TimeMgr</Filter>
    </ClCompile>
    <ClCompile Include="CKeyMgr.cpp">
      <Filter>04. Manager\03. KeyMgr</Filter>
    </ClCompile>
    <ClCompile Include="CTaskMgr.cpp">
      <Filter>04. Manager\TaskMgr</Filter>
    </ClCompile>
    <ClCompile Include="CAsset.cpp">
      <Filter>06. Asset</Filter>
    </ClCompile>
    <ClCompile Include="CAssetMgr.cpp">
      <Filter>04. Manager\05. AssetMgr</Filter>
    </ClCompile>
    <ClCompile Include="CMesh.cpp">
      <Filter>06. Asset\01. Mesh</Filter>
    </ClCompile>
    <ClCompile Include="CConstBuffer.cpp">
      <Filter>03. Device\ConstBuffer</Filter>
    </ClCompile>
    <ClCompile Include="CGraphicShader.cpp">
      <Filter>06. Asset\Shader\07. GraphicShader</Filter>
    </ClCompile>
    <ClCompile Include="CShader.cpp">
      <Filter>06. Asset\Shader\07. GraphicShader</Filter>
    </ClCompile>
    <ClCompile Include="CComputeShader.cpp">
      <Filter>06. Asset\Shader\08. ComputeShader</Filter>
    </ClCompile>
    <ClCompile Include="CLevelMgr.cpp">
      <Filter>04. Manager\04. LevelMgr</Filter>
    </ClCompile>
    <ClCompile Include="CLevel.cpp">
      <Filter>05. Level</Filter>
    </ClCompile>
    <ClCompile Include="CLayer.cpp">
      <Filter>05. Level</Filter>
    </ClCompile>
    <ClCompile Include="CGameObject.cpp">
      <Filter>07. GameObject</Filter>
    </ClCompile>
    <ClCompile Include="CComponent.cpp">
      <Filter>08. Component</Filter>
    </ClCompile>
    <ClCompile Include="CTransform.cpp">
      <Filter>08. Component\01. Transform</Filter>
    </ClCompile>
    <ClCompile Include="CRenderComponent.cpp">
      <Filter>08. Component\RenderComponent</Filter>
    </ClCompile>
    <ClCompile Include="CMeshRender.cpp">
      <Filter>08. Component\RenderComponent\01. MeshRender</Filter>
    </ClCompile>
    <ClCompile Include="CCamera.cpp">
      <Filter>08. Component\07. Camera</Filter>
    </ClCompile>
    <ClCompile Include="CRenderMgr.cpp">
      <Filter>04. Manager\06. RenderMgr</Filter>
    </ClCompile>
    <ClCompile Include="CScript.cpp">
      <Filter>08. Component\Script</Filter>
    </ClCompile>
    <ClCompile Include="CPlayerScript.cpp">
      <Filter>Scripts</Filter>
    </ClCompile>
    <ClCompile Include="CEntity.cpp">
      <Filter>Module</Filter>
    </ClCompile>
    <ClCompile Include="CTexture.cpp">
      <Filter>06. Asset\05. Texture</Filter>
    </ClCompile>
    <ClCompile Include="CMaterial.cpp">
      <Filter>06. Asset\03. Material</Filter>
    </ClCompile>
    <ClCompile Include="CAssetInit.cpp">
      <Filter>04. Manager\05. AssetMgr</Filter>
    </ClCompile>
    <ClCompile Include="CCollider2D.cpp">
      <Filter>08. Component\02. Collider2D</Filter>
    </ClCompile>
    <ClCompile Include="CCollisionMgr.cpp">
      <Filter>04. Manager\07. CollisionMgr</Filter>
    </ClCompile>
    <ClCompile Include="CMissileScript.cpp">
      <Filter>Scripts</Filter>
    </ClCompile>
    <ClCompile Include="CAnimator2D.cpp">
      <Filter>08. Component\04. Animator2D</Filter>
    </ClCompile>
    <ClCompile Include="CSprite.cpp">
      <Filter>06. Asset\07. Sprite</Filter>
    </ClCompile>
    <ClCompile Include="CFlipBook.cpp">
      <Filter>06. Asset\08. FlipBook</Filter>
    </ClCompile>
    <ClCompile Include="CTileMap.cpp">
      <Filter>08. Component\RenderComponent\02. TileMap</Filter>
    </ClCompile>
    <ClCompile Include="CStructuredBuffer.cpp">
      <Filter>03. Device\StructuredBuffer</Filter>
    </ClCompile>
    <ClCompile Include="CCameraMoveScript.cpp">
      <Filter>Scripts</Filter>
    </ClCompile>
    <ClCompile Include="CLight2D.cpp">
      <Filter>08. Component\08. Light2D</Filter>
    </ClCompile>
    <ClCompile Include="extern.cpp">
      <Filter>01. Header</Filter>
    </ClCompile>
  </ItemGroup>
  <ItemGroup>
    <Filter Include="Default">
      <UniqueIdentifier>{3ac923d7-76e3-4674-a5c6-1eaabd7b32b1}</UniqueIdentifier>
    </Filter>
    <Filter Include="01. Header">
      <UniqueIdentifier>{683c4659-d1d3-4c1f-95d8-1e1cfc0bd479}</UniqueIdentifier>
    </Filter>
    <Filter Include="02. Engine">
      <UniqueIdentifier>{545ca399-e31f-4b83-a365-4ab537f9d84d}</UniqueIdentifier>
    </Filter>
    <Filter Include="03. Device">
      <UniqueIdentifier>{8f3af854-81f1-4728-bfd9-4f7b59a3d10f}</UniqueIdentifier>
    </Filter>
    <Filter Include="Module">
      <UniqueIdentifier>{f37f5071-e661-4b79-bdca-e038d51b9aca}</UniqueIdentifier>
    </Filter>
    <Filter Include="04. Manager">
      <UniqueIdentifier>{4a4a9d39-aea4-447f-96a8-2b35289757b1}</UniqueIdentifier>
    </Filter>
    <Filter Include="04. Manager\01. PathMgr">
      <UniqueIdentifier>{fa437383-9180-41e4-9edc-560d40abbb85}</UniqueIdentifier>
    </Filter>
    <Filter Include="04. Manager\02. TimeMgr">
      <UniqueIdentifier>{e8689c85-3730-4360-a5d1-141acc7ca992}</UniqueIdentifier>
    </Filter>
    <Filter Include="04. Manager\03. KeyMgr">
      <UniqueIdentifier>{6720d3df-23e5-49db-99b6-4189e6ac99bc}</UniqueIdentifier>
    </Filter>
    <Filter Include="04. Manager\TaskMgr">
      <UniqueIdentifier>{1265647b-d08c-4cbb-be39-b278cdcb3d32}</UniqueIdentifier>
    </Filter>
    <Filter Include="HLSL">
      <UniqueIdentifier>{efdd5d96-f795-4ea7-a29e-3f2b310578bd}</UniqueIdentifier>
    </Filter>
    <Filter Include="04. Manager\04. LevelMgr">
      <UniqueIdentifier>{b20b27fb-16ac-4bac-b4f7-d233790b3d91}</UniqueIdentifier>
    </Filter>
    <Filter Include="04. Manager\05. AssetMgr">
      <UniqueIdentifier>{30bb5503-5b80-4296-92c3-ce0b443dd758}</UniqueIdentifier>
    </Filter>
    <Filter Include="03. Device\ConstBuffer">
      <UniqueIdentifier>{6832bb69-9065-48a5-a1b1-341c1081c081}</UniqueIdentifier>
    </Filter>
    <Filter Include="06. Asset">
      <UniqueIdentifier>{33dfccc4-298e-4a99-8859-90d751a51b1b}</UniqueIdentifier>
    </Filter>
    <Filter Include="06. Asset\02. MeshData">
      <UniqueIdentifier>{bbde33a5-b208-4baf-a810-3f9f3fe2963e}</UniqueIdentifier>
    </Filter>
    <Filter Include="06. Asset\03. Material">
      <UniqueIdentifier>{c835ccfe-94d1-42d0-9364-fabf0d741f7d}</UniqueIdentifier>
    </Filter>
    <Filter Include="06. Asset\04. Prefab">
      <UniqueIdentifier>{9e4f4436-af9f-4ccb-a287-28bec460da70}</UniqueIdentifier>
    </Filter>
    <Filter Include="06. Asset\01. Mesh">
      <UniqueIdentifier>{bb2a732e-0bb9-45bd-973e-54c670ceed93}</UniqueIdentifier>
    </Filter>
    <Filter Include="06. Asset\05. Texture">
      <UniqueIdentifier>{f831a021-f16d-4904-98d1-f44034466851}</UniqueIdentifier>
    </Filter>
    <Filter Include="06. Asset\06. Sound">
      <UniqueIdentifier>{4ae55243-47e4-4ddd-aca7-7a59c42e5ad4}</UniqueIdentifier>
    </Filter>
    <Filter Include="06. Asset\Shader">
      <UniqueIdentifier>{f1f914bf-b6c0-4563-85ca-ca69a3373b02}</UniqueIdentifier>
    </Filter>
    <Filter Include="06. Asset\Shader\07. GraphicShader">
      <UniqueIdentifier>{7226ae87-49ed-4108-a799-3a06d11650d5}</UniqueIdentifier>
    </Filter>
    <Filter Include="06. Asset\Shader\08. ComputeShader">
      <UniqueIdentifier>{8d0ac2fe-01dc-4ddc-b883-6999df7ef442}</UniqueIdentifier>
    </Filter>
    <Filter Include="07. GameObject">
      <UniqueIdentifier>{4fe08b96-6f43-4fe2-9e9a-8268773a7328}</UniqueIdentifier>
    </Filter>
    <Filter Include="08. Component">
      <UniqueIdentifier>{dfeb59a1-3947-450f-9e58-6f3cd4febb00}</UniqueIdentifier>
    </Filter>
    <Filter Include="05. Level">
      <UniqueIdentifier>{d6311670-6f96-41ad-b4b0-b5c7634d0a66}</UniqueIdentifier>
    </Filter>
    <Filter Include="08. Component\01. Transform">
      <UniqueIdentifier>{408a5cf3-a30e-4f5b-9bcb-44a5dac85a0f}</UniqueIdentifier>
    </Filter>
    <Filter Include="08. Component\02. Collider2D">
      <UniqueIdentifier>{4589361c-b4f2-48d1-99bb-02ab20005e91}</UniqueIdentifier>
    </Filter>
    <Filter Include="08. Component\03. Collider3D">
      <UniqueIdentifier>{d7c79e41-dc14-458c-9da3-bd0d3da5a3b9}</UniqueIdentifier>
    </Filter>
    <Filter Include="08. Component\04. Animator2D">
      <UniqueIdentifier>{5a16b607-b7a1-4bdc-bd4f-438c66407360}</UniqueIdentifier>
    </Filter>
    <Filter Include="08. Component\05. Animator3D">
      <UniqueIdentifier>{19c61b4f-c347-4f60-abea-97939b393463}</UniqueIdentifier>
    </Filter>
    <Filter Include="08. Component\06. RigidBody">
      <UniqueIdentifier>{b72a6cba-1a98-4c12-886a-c9276ca81298}</UniqueIdentifier>
    </Filter>
    <Filter Include="08. Component\07. Camera">
      <UniqueIdentifier>{4943858a-e66b-4b5e-b241-e65713bcca70}</UniqueIdentifier>
    </Filter>
    <Filter Include="08. Component\RenderComponent">
      <UniqueIdentifier>{4af5235b-bb9f-4956-8fa1-5ffd4702634e}</UniqueIdentifier>
    </Filter>
    <Filter Include="08. Component\RenderComponent\01. MeshRender">
      <UniqueIdentifier>{d0bb0f32-5b1d-4e80-ba33-1332dcc294be}</UniqueIdentifier>
    </Filter>
    <Filter Include="08. Component\RenderComponent\02. TileMap">
      <UniqueIdentifier>{24367fc2-776a-4c48-aafc-fffa722d9481}</UniqueIdentifier>
    </Filter>
    <Filter Include="08. Component\RenderComponent\03. ParticleSystem">
      <UniqueIdentifier>{4a1f2ec5-bdc1-4fb0-ab31-6295339c43c7}</UniqueIdentifier>
    </Filter>
    <Filter Include="08. Component\RenderComponent\04. Decal">
      <UniqueIdentifier>{59f78a67-5b98-4870-bb08-a6700e3c4681}</UniqueIdentifier>
    </Filter>
    <Filter Include="08. Component\RenderComponent\05. SkyBox">
      <UniqueIdentifier>{a94b7ee5-c642-43ed-9918-c1088dd083da}</UniqueIdentifier>
    </Filter>
    <Filter Include="08. Component\RenderComponent\06. LandScape">
      <UniqueIdentifier>{2f4489cf-dd46-46ec-aa08-894841007bd8}</UniqueIdentifier>
    </Filter>
    <Filter Include="04. Manager\06. RenderMgr">
      <UniqueIdentifier>{b4b30c14-426e-4567-bf29-7571f2cffc86}</UniqueIdentifier>
    </Filter>
    <Filter Include="Scripts">
      <UniqueIdentifier>{67960eda-1222-4028-96df-1892dd26dd5f}</UniqueIdentifier>
    </Filter>
    <Filter Include="04. Manager\07. CollisionMgr">
      <UniqueIdentifier>{89205951-6db1-46aa-8df5-97a009cc0a2b}</UniqueIdentifier>
    </Filter>
    <Filter Include="06. Asset\07. Sprite">
      <UniqueIdentifier>{01c088cb-089e-4b0a-89a6-4dc57bc2ff4a}</UniqueIdentifier>
    </Filter>
    <Filter Include="06. Asset\08. FlipBook">
      <UniqueIdentifier>{3ba277a7-8719-439e-82ce-019f17dfe17f}</UniqueIdentifier>
    </Filter>
    <Filter Include="HLSL\01. Header">
      <UniqueIdentifier>{58bed9e5-d5c1-423d-b100-d5ca46f04c49}</UniqueIdentifier>
    </Filter>
    <Filter Include="HLSL\02. Render">
      <UniqueIdentifier>{f3efce07-0483-4b31-aa43-6c4eced3b809}</UniqueIdentifier>
    </Filter>
    <Filter Include="03. Device\StructuredBuffer">
      <UniqueIdentifier>{2c64435a-b268-4470-892a-0aa4001d716a}</UniqueIdentifier>
    </Filter>
    <Filter Include="08. Component\08. Light2D">
      <UniqueIdentifier>{b3759e60-16ed-4c4b-b3ba-4d26c7956c89}</UniqueIdentifier>
    </Filter>
    <Filter Include="HLSL\02. Render\01. 2D">
      <UniqueIdentifier>{309e0dc3-a2d9-484b-a358-7546679e8954}</UniqueIdentifier>
    </Filter>
    <Filter Include="HLSL\02. Render\02. 3D">
      <UniqueIdentifier>{c2bb6ea6-8bbb-4098-92b3-5e47e2e3cb32}</UniqueIdentifier>
    </Filter>
    <Filter Include="HLSL\02. Render\03.PostProcess">
      <UniqueIdentifier>{2b0ac7b1-f672-4d20-967d-ac68b28d1f48}</UniqueIdentifier>
    </Filter>
    <Filter Include="08. Component\Script">
      <UniqueIdentifier>{cce1c078-d96f-47c5-82dd-eb035181c994}</UniqueIdentifier>
    </Filter>
  </ItemGroup>
  <ItemGroup>
    <FxCompile Include="func.fx">
      <Filter>HLSL\01. Header</Filter>
    </FxCompile>
    <FxCompile Include="value.fx">
      <Filter>HLSL\01. Header</Filter>
    </FxCompile>
    <FxCompile Include="struct.fx">
      <Filter>HLSL\01. Header</Filter>
    </FxCompile>
    <FxCompile Include="debug.fx">
      <Filter>HLSL\02. Render\01. 2D</Filter>
    </FxCompile>
    <FxCompile Include="std2d.fx">
      <Filter>HLSL\02. Render\01. 2D</Filter>
    </FxCompile>
    <FxCompile Include="tilemap.fx">
      <Filter>HLSL\02. Render\01. 2D</Filter>
    </FxCompile>
    <FxCompile Include="postprocess.fx">
      <Filter>HLSL\02. Render\03.PostProcess</Filter>
    </FxCompile>
  </ItemGroup>
</Project>