<?xml version="1.0" encoding="utf-8"?>
<Project ToolsVersion="4.0" xmlns="http://schemas.microsoft.com/developer/msbuild/2003">
  <ItemGroup>
    <ClInclude Include="framework.h">
      <Filter>Default</Filter>
    </ClInclude>
    <ClInclude Include="pch.h">
      <Filter>Default</Filter>
    </ClInclude>
    <ClInclude Include="CEngine.h">
      <Filter>02. Engine</Filter>
    </ClInclude>
    <ClInclude Include="global.h">
      <Filter>01. Header</Filter>
    </ClInclude>
    <ClInclude Include="define.h">
      <Filter>01. Header</Filter>
    </ClInclude>
    <ClInclude Include="singleton.h">
      <Filter>01. Header</Filter>
    </ClInclude>
    <ClInclude Include="CDevice.h">
      <Filter>03. Device</Filter>
    </ClInclude>
    <ClInclude Include="Temp.h" />
    <ClInclude Include="CPathMgr.h">
      <Filter>04. Manager\01. PathMgr</Filter>
    </ClInclude>
    <ClInclude Include="CTimeMgr.h">
      <Filter>04. Manager\02. TimeMgr</Filter>
    </ClInclude>
    <ClInclude Include="CKeyMgr.h">
      <Filter>04. Manager\03. KeyMgr</Filter>
    </ClInclude>
    <ClInclude Include="CTaskMgr.h">
      <Filter>04. Manager\TaskMgr</Filter>
    </ClInclude>
    <ClInclude Include="struct.h">
      <Filter>01. Header</Filter>
    </ClInclude>
    <ClInclude Include="CEntity.h" />
    <ClInclude Include="CAsset.h">
      <Filter>06. Asset</Filter>
    </ClInclude>
    <ClInclude Include="CAssetMgr.h">
      <Filter>04. Manager\05. AssetMgr</Filter>
    </ClInclude>
    <ClInclude Include="enum.h">
      <Filter>01. Header</Filter>
    </ClInclude>
    <ClInclude Include="CMesh.h">
      <Filter>06. Asset\01. Mesh</Filter>
    </ClInclude>
    <ClInclude Include="CConstBuffer.h">
      <Filter>03. Device\ConstBuffer</Filter>
    </ClInclude>
    <ClInclude Include="CShader.h">
      <Filter>06. Asset\Shader\07. GraphicShader</Filter>
    </ClInclude>
    <ClInclude Include="CGraphicShader.h">
      <Filter>06. Asset\Shader\07. GraphicShader</Filter>
    </ClInclude>
    <ClInclude Include="CComputeShader.h">
      <Filter>06. Asset\Shader\08. ComputeShader</Filter>
    </ClInclude>
    <ClInclude Include="assets.h">
      <Filter>01. Header</Filter>
    </ClInclude>
    <ClInclude Include="func.h">
      <Filter>01. Header</Filter>
    </ClInclude>
    <ClInclude Include="CLevelMgr.h">
      <Filter>04. Manager\04. LevelMgr</Filter>
    </ClInclude>
    <ClInclude Include="CLevel.h">
      <Filter>05. Level</Filter>
    </ClInclude>
    <ClInclude Include="CLayer.h">
      <Filter>05. Level</Filter>
    </ClInclude>
    <ClInclude Include="CGameObject.h">
      <Filter>07. GameObject</Filter>
    </ClInclude>
  </ItemGroup>
  <ItemGroup>
    <ClCompile Include="Engine.cpp">
      <Filter>Default</Filter>
    </ClCompile>
    <ClCompile Include="pch.cpp">
      <Filter>Default</Filter>
    </ClCompile>
    <ClCompile Include="CEngine.cpp">
      <Filter>02. Engine</Filter>
    </ClCompile>
    <ClCompile Include="CDevice.cpp">
      <Filter>03. Device</Filter>
    </ClCompile>
    <ClCompile Include="Temp.cpp" />
    <ClCompile Include="CPathMgr.cpp">
      <Filter>04. Manager\01. PathMgr</Filter>
    </ClCompile>
    <ClCompile Include="CTimeMgr.cpp">
      <Filter>04. Manager\02. TimeMgr</Filter>
    </ClCompile>
    <ClCompile Include="CKeyMgr.cpp">
      <Filter>04. Manager\03. KeyMgr</Filter>
    </ClCompile>
    <ClCompile Include="CTaskMgr.cpp">
      <Filter>04. Manager\TaskMgr</Filter>
    </ClCompile>
    <ClCompile Include="CEntity.cpp" />
    <ClCompile Include="CAsset.cpp">
      <Filter>06. Asset</Filter>
    </ClCompile>
    <ClCompile Include="CAssetMgr.cpp">
      <Filter>04. Manager\05. AssetMgr</Filter>
    </ClCompile>
    <ClCompile Include="CMesh.cpp">
      <Filter>06. Asset\01. Mesh</Filter>
    </ClCompile>
    <ClCompile Include="CConstBuffer.cpp">
      <Filter>03. Device\ConstBuffer</Filter>
    </ClCompile>
    <ClCompile Include="CGraphicShader.cpp">
      <Filter>06. Asset\Shader\07. GraphicShader</Filter>
    </ClCompile>
    <ClCompile Include="CShader.cpp">
      <Filter>06. Asset\Shader\07. GraphicShader</Filter>
    </ClCompile>
    <ClCompile Include="CComputeShader.cpp">
      <Filter>06. Asset\Shader\08. ComputeShader</Filter>
    </ClCompile>
    <ClCompile Include="CLevelMgr.cpp">
      <Filter>04. Manager\04. LevelMgr</Filter>
    </ClCompile>
    <ClCompile Include="CLevel.cpp">
      <Filter>05. Level</Filter>
    </ClCompile>
    <ClCompile Include="CLayer.cpp">
      <Filter>05. Level</Filter>
    </ClCompile>
    <ClCompile Include="CGameObject.cpp">
      <Filter>07. GameObject</Filter>
    </ClCompile>
  </ItemGroup>
  <ItemGroup>
    <Filter Include="Default">
      <UniqueIdentifier>{3ac923d7-76e3-4674-a5c6-1eaabd7b32b1}</UniqueIdentifier>
    </Filter>
    <Filter Include="01. Header">
      <UniqueIdentifier>{683c4659-d1d3-4c1f-95d8-1e1cfc0bd479}</UniqueIdentifier>
    </Filter>
    <Filter Include="02. Engine">
      <UniqueIdentifier>{545ca399-e31f-4b83-a365-4ab537f9d84d}</UniqueIdentifier>
    </Filter>
    <Filter Include="03. Device">
      <UniqueIdentifier>{8f3af854-81f1-4728-bfd9-4f7b59a3d10f}</UniqueIdentifier>
    </Filter>
    <Filter Include="Module">
      <UniqueIdentifier>{f37f5071-e661-4b79-bdca-e038d51b9aca}</UniqueIdentifier>
    </Filter>
    <Filter Include="04. Manager">
      <UniqueIdentifier>{4a4a9d39-aea4-447f-96a8-2b35289757b1}</UniqueIdentifier>
    </Filter>
    <Filter Include="04. Manager\01. PathMgr">
      <UniqueIdentifier>{fa437383-9180-41e4-9edc-560d40abbb85}</UniqueIdentifier>
    </Filter>
    <Filter Include="04. Manager\02. TimeMgr">
      <UniqueIdentifier>{e8689c85-3730-4360-a5d1-141acc7ca992}</UniqueIdentifier>
    </Filter>
    <Filter Include="04. Manager\03. KeyMgr">
      <UniqueIdentifier>{6720d3df-23e5-49db-99b6-4189e6ac99bc}</UniqueIdentifier>
    </Filter>
    <Filter Include="04. Manager\TaskMgr">
      <UniqueIdentifier>{1265647b-d08c-4cbb-be39-b278cdcb3d32}</UniqueIdentifier>
    </Filter>
    <Filter Include="HLSL">
      <UniqueIdentifier>{efdd5d96-f795-4ea7-a29e-3f2b310578bd}</UniqueIdentifier>
    </Filter>
    <Filter Include="04. Manager\04. LevelMgr">
      <UniqueIdentifier>{b20b27fb-16ac-4bac-b4f7-d233790b3d91}</UniqueIdentifier>
    </Filter>
    <Filter Include="04. Manager\05. AssetMgr">
      <UniqueIdentifier>{30bb5503-5b80-4296-92c3-ce0b443dd758}</UniqueIdentifier>
    </Filter>
    <Filter Include="03. Device\ConstBuffer">
      <UniqueIdentifier>{6832bb69-9065-48a5-a1b1-341c1081c081}</UniqueIdentifier>
    </Filter>
    <Filter Include="06. Asset">
      <UniqueIdentifier>{33dfccc4-298e-4a99-8859-90d751a51b1b}</UniqueIdentifier>
    </Filter>
    <Filter Include="06. Asset\02. MeshData">
      <UniqueIdentifier>{bbde33a5-b208-4baf-a810-3f9f3fe2963e}</UniqueIdentifier>
    </Filter>
    <Filter Include="06. Asset\03. Material">
      <UniqueIdentifier>{c835ccfe-94d1-42d0-9364-fabf0d741f7d}</UniqueIdentifier>
    </Filter>
    <Filter Include="06. Asset\04. Prefab">
      <UniqueIdentifier>{9e4f4436-af9f-4ccb-a287-28bec460da70}</UniqueIdentifier>
    </Filter>
    <Filter Include="06. Asset\01. Mesh">
      <UniqueIdentifier>{bb2a732e-0bb9-45bd-973e-54c670ceed93}</UniqueIdentifier>
    </Filter>
    <Filter Include="06. Asset\05. Texture">
      <UniqueIdentifier>{f831a021-f16d-4904-98d1-f44034466851}</UniqueIdentifier>
    </Filter>
    <Filter Include="06. Asset\06. Sound">
      <UniqueIdentifier>{4ae55243-47e4-4ddd-aca7-7a59c42e5ad4}</UniqueIdentifier>
    </Filter>
    <Filter Include="06. Asset\Shader">
      <UniqueIdentifier>{f1f914bf-b6c0-4563-85ca-ca69a3373b02}</UniqueIdentifier>
    </Filter>
    <Filter Include="06. Asset\Shader\07. GraphicShader">
      <UniqueIdentifier>{7226ae87-49ed-4108-a799-3a06d11650d5}</UniqueIdentifier>
    </Filter>
    <Filter Include="06. Asset\Shader\08. ComputeShader">
      <UniqueIdentifier>{8d0ac2fe-01dc-4ddc-b883-6999df7ef442}</UniqueIdentifier>
    </Filter>
    <Filter Include="07. GameObject">
      <UniqueIdentifier>{4fe08b96-6f43-4fe2-9e9a-8268773a7328}</UniqueIdentifier>
    </Filter>
    <Filter Include="08. Component">
      <UniqueIdentifier>{dfeb59a1-3947-450f-9e58-6f3cd4febb00}</UniqueIdentifier>
    </Filter>
    <Filter Include="05. Level">
      <UniqueIdentifier>{d6311670-6f96-41ad-b4b0-b5c7634d0a66}</UniqueIdentifier>
    </Filter>
  </ItemGroup>
  <ItemGroup>
    <FxCompile Include="test.fx">
      <Filter>HLSL</Filter>
    </FxCompile>
  </ItemGroup>
</Project>