<?xml version="1.0" encoding="utf-8"?>
<Project ToolsVersion="4.0" xmlns="http://schemas.microsoft.com/developer/msbuild/2003">
  <ItemGroup>
    <Filter Include="01. Manager">
      <UniqueIdentifier>{4f375c5d-e0eb-4429-accd-28593866d01c}</UniqueIdentifier>
    </Filter>
    <Filter Include="02. States">
      <UniqueIdentifier>{2dc39483-7af1-4d63-8f59-f24f34e98225}</UniqueIdentifier>
    </Filter>
    <Filter Include="02. States\Monster">
      <UniqueIdentifier>{9fc9f4f4-d80a-45a4-8dc1-e9a71ef33a8f}</UniqueIdentifier>
    </Filter>
    <Filter Include="Default">
      <UniqueIdentifier>{9a1c85cf-877c-4c36-b074-df5f7ac3f177}</UniqueIdentifier>
    </Filter>
    <Filter Include="02. States\Boss">
      <UniqueIdentifier>{52457d42-ae94-4053-8ac6-cc57b0c12a34}</UniqueIdentifier>
    </Filter>
    <Filter Include="02. States\Player">
      <UniqueIdentifier>{faaf4be8-6bd3-4083-b737-49813ace0b42}</UniqueIdentifier>
    </Filter>
  </ItemGroup>
  <ItemGroup>
    <ClInclude Include="CStateMgr.h">
      <Filter>01. Manager</Filter>
    </ClInclude>
    <ClInclude Include="pch.h">
      <Filter>Default</Filter>
    </ClInclude>
    <ClInclude Include="framework.h">
      <Filter>Default</Filter>
    </ClInclude>
    <ClInclude Include="CIdleState.h">
      <Filter>02. States\Monster</Filter>
    </ClInclude>
    <ClInclude Include="CMoveState.h">
      <Filter>02. States\Monster</Filter>
    </ClInclude>
    <ClInclude Include="CAttackState.h">
      <Filter>02. States\Monster</Filter>
    </ClInclude>
    <ClInclude Include="CDeadState.h">
      <Filter>02. States\Monster</Filter>
    </ClInclude>
    <ClInclude Include="CHitState.h">
      <Filter>02. States\Monster</Filter>
    </ClInclude>
    <ClInclude Include="BWaterState.h">
      <Filter>02. States\Boss</Filter>
    </ClInclude>
    <ClInclude Include="BDashState.h">
      <Filter>02. States\Boss</Filter>
    </ClInclude>
    <ClInclude Include="BDeadState.h">
      <Filter>02. States\Boss</Filter>
    </ClInclude>
    <ClInclude Include="BHitState.h">
      <Filter>02. States\Boss</Filter>
    </ClInclude>
    <ClInclude Include="BIdleState.h">
      <Filter>02. States\Boss</Filter>
    </ClInclude>
    <ClInclude Include="BLanceState.h">
      <Filter>02. States\Boss</Filter>
    </ClInclude>
    <ClInclude Include="BReadyState.h">
      <Filter>02. States\Boss</Filter>
    </ClInclude>
    <ClInclude Include="BSlashState.h">
      <Filter>02. States\Boss</Filter>
    </ClInclude>
    <ClInclude Include="BSpawnState.h">
      <Filter>02. States\Boss</Filter>
    </ClInclude>
    <ClInclude Include="PSlashState.h">
      <Filter>02. States\Player</Filter>
    </ClInclude>
    <ClInclude Include="PDashState.h">
      <Filter>02. States\Player</Filter>
    </ClInclude>
    <ClInclude Include="PDeadState.h">
      <Filter>02. States\Player</Filter>
    </ClInclude>
    <ClInclude Include="PHitState.h">
      <Filter>02. States\Player</Filter>
    </ClInclude>
    <ClInclude Include="PIdleState.h">
      <Filter>02. States\Player</Filter>
    </ClInclude>
    <ClInclude Include="PMoveState.h">
      <Filter>02. States\Player</Filter>
    </ClInclude>
    <ClInclude Include="PFireDragonState.h">
      <Filter>02. States\Player</Filter>
    </ClInclude>
    <ClInclude Include="PFireBallState.h">
      <Filter>02. States\Player</Filter>
    </ClInclude>
  </ItemGroup>
  <ItemGroup>
    <ClCompile Include="CStateMgr.cpp">
      <Filter>01. Manager</Filter>
    </ClCompile>
    <ClCompile Include="pch.cpp">
      <Filter>Default</Filter>
    </ClCompile>
    <ClCompile Include="States.cpp">
      <Filter>Default</Filter>
    </ClCompile>
    <ClCompile Include="CIdleState.cpp">
      <Filter>02. States\Monster</Filter>
    </ClCompile>
    <ClCompile Include="CAttackState.cpp">
      <Filter>02. States\Monster</Filter>
    </ClCompile>
    <ClCompile Include="CDeadState.cpp">
      <Filter>02. States\Monster</Filter>
    </ClCompile>
    <ClCompile Include="CHitState.cpp">
      <Filter>02. States\Monster</Filter>
    </ClCompile>
    <ClCompile Include="CMoveState.cpp">
      <Filter>02. States\Monster</Filter>
    </ClCompile>
    <ClCompile Include="BDashState.cpp">
      <Filter>02. States\Boss</Filter>
    </ClCompile>
    <ClCompile Include="BDeadState.cpp">
      <Filter>02. States\Boss</Filter>
    </ClCompile>
    <ClCompile Include="BHitState.cpp">
      <Filter>02. States\Boss</Filter>
    </ClCompile>
    <ClCompile Include="BIdleState.cpp">
      <Filter>02. States\Boss</Filter>
    </ClCompile>
    <ClCompile Include="BLanceState.cpp">
      <Filter>02. States\Boss</Filter>
    </ClCompile>
    <ClCompile Include="BReadyState.cpp">
      <Filter>02. States\Boss</Filter>
    </ClCompile>
    <ClCompile Include="BSlashState.cpp">
      <Filter>02. States\Boss</Filter>
    </ClCompile>
    <ClCompile Include="BWaterState.cpp">
      <Filter>02. States\Boss</Filter>
    </ClCompile>
    <ClCompile Include="BSpawnState.cpp">
      <Filter>02. States\Boss</Filter>
    </ClCompile>
    <ClCompile Include="PDashState.cpp">
      <Filter>02. States\Player</Filter>
    </ClCompile>
    <ClCompile Include="PDeadState.cpp">
      <Filter>02. States\Player</Filter>
    </ClCompile>
    <ClCompile Include="PHitState.cpp">
      <Filter>02. States\Player</Filter>
    </ClCompile>
    <ClCompile Include="PIdleState.cpp">
      <Filter>02. States\Player</Filter>
    </ClCompile>
    <ClCompile Include="PMoveState.cpp">
      <Filter>02. States\Player</Filter>
    </ClCompile>
    <ClCompile Include="PSlashState.cpp">
      <Filter>02. States\Player</Filter>
    </ClCompile>
    <ClCompile Include="PFireBallState.cpp">
      <Filter>02. States\Player</Filter>
    </ClCompile>
    <ClCompile Include="PFireDragonState.cpp">
      <Filter>02. States\Player</Filter>
    </ClCompile>
  </ItemGroup>
</Project>