<?xml version="1.0" encoding="utf-8"?>
<Project ToolsVersion="4.0" xmlns="http://schemas.microsoft.com/developer/msbuild/2003">
  <ItemGroup>
    <Filter Include="01. Manager">
      <UniqueIdentifier>{4f375c5d-e0eb-4429-accd-28593866d01c}</UniqueIdentifier>
    </Filter>
  </ItemGroup>
  <ItemGroup>
    <ClInclude Include="CStateMgr.h">
      <Filter>01. Manager</Filter>
    </ClInclude>
    <ClInclude Include="pch.h" />
    <ClInclude Include="framework.h" />
  </ItemGroup>
  <ItemGroup>
    <ClCompile Include="CStateMgr.cpp">
      <Filter>01. Manager</Filter>
    </ClCompile>
    <ClCompile Include="States.cpp" />
    <ClCompile Include="pch.cpp" />
  </ItemGroup>
</Project>